// !$*UTF8*$!
{
	archiveVersion = 1;
	classes = {
	};
	objectVersion = 46;
	objects = {

/* Begin PBXBuildFile section */
		15011E4E1C26B0EC00FCB66E /* AppDelegate.swift in Sources */ = {isa = PBXBuildFile; fileRef = 15011E4D1C26B0EC00FCB66E /* AppDelegate.swift */; };
		15011E501C26B0EC00FCB66E /* ViewController.swift in Sources */ = {isa = PBXBuildFile; fileRef = 15011E4F1C26B0EC00FCB66E /* ViewController.swift */; };
		15011E531C26B0EC00FCB66E /* Main.storyboard in Resources */ = {isa = PBXBuildFile; fileRef = 15011E511C26B0EC00FCB66E /* Main.storyboard */; };
		15011E561C26B0EC00FCB66E /* SwiftySettingsBundle.xcdatamodeld in Sources */ = {isa = PBXBuildFile; fileRef = 15011E541C26B0EC00FCB66E /* SwiftySettingsBundle.xcdatamodeld */; };
		15011E581C26B0EC00FCB66E /* Assets.xcassets in Resources */ = {isa = PBXBuildFile; fileRef = 15011E571C26B0EC00FCB66E /* Assets.xcassets */; };
		15011E5B1C26B0EC00FCB66E /* LaunchScreen.storyboard in Resources */ = {isa = PBXBuildFile; fileRef = 15011E591C26B0EC00FCB66E /* LaunchScreen.storyboard */; };
		15011E661C26B0EC00FCB66E /* SwiftySettingsBundleTests.swift in Sources */ = {isa = PBXBuildFile; fileRef = 15011E651C26B0EC00FCB66E /* SwiftySettingsBundleTests.swift */; };
		15011E711C26B0EC00FCB66E /* SwiftySettingsBundleUITests.swift in Sources */ = {isa = PBXBuildFile; fileRef = 15011E701C26B0EC00FCB66E /* SwiftySettingsBundleUITests.swift */; };
		15011E801C26B10E00FCB66E /* Settings.bundle in Resources */ = {isa = PBXBuildFile; fileRef = 15011E7F1C26B10E00FCB66E /* Settings.bundle */; };
		15011E841C26B1B700FCB66E /* AuthenticationUtil.swift in Sources */ = {isa = PBXBuildFile; fileRef = 15011E831C26B1B700FCB66E /* AuthenticationUtil.swift */; };
/* End PBXBuildFile section */

/* Begin PBXContainerItemProxy section */
		15011E621C26B0EC00FCB66E /* PBXContainerItemProxy */ = {
			isa = PBXContainerItemProxy;
			containerPortal = 15011E421C26B0EC00FCB66E /* Project object */;
			proxyType = 1;
			remoteGlobalIDString = 15011E491C26B0EC00FCB66E;
			remoteInfo = SwiftySettingsBundle;
		};
		15011E6D1C26B0EC00FCB66E /* PBXContainerItemProxy */ = {
			isa = PBXContainerItemProxy;
			containerPortal = 15011E421C26B0EC00FCB66E /* Project object */;
			proxyType = 1;
			remoteGlobalIDString = 15011E491C26B0EC00FCB66E;
			remoteInfo = SwiftySettingsBundle;
		};
/* End PBXContainerItemProxy section */

/* Begin PBXFileReference section */
		15011E4A1C26B0EC00FCB66E /* SwiftySettingsBundle.app */ = {isa = PBXFileReference; explicitFileType = wrapper.application; includeInIndex = 0; path = SwiftySettingsBundle.app; sourceTree = BUILT_PRODUCTS_DIR; };
		15011E4D1C26B0EC00FCB66E /* AppDelegate.swift */ = {isa = PBXFileReference; lastKnownFileType = sourcecode.swift; path = AppDelegate.swift; sourceTree = "<group>"; };
		15011E4F1C26B0EC00FCB66E /* ViewController.swift */ = {isa = PBXFileReference; lastKnownFileType = sourcecode.swift; path = ViewController.swift; sourceTree = "<group>"; };
		15011E521C26B0EC00FCB66E /* Base */ = {isa = PBXFileReference; lastKnownFileType = file.storyboard; name = Base; path = Base.lproj/Main.storyboard; sourceTree = "<group>"; };
		15011E551C26B0EC00FCB66E /* SwiftySettingsBundle.xcdatamodel */ = {isa = PBXFileReference; lastKnownFileType = wrapper.xcdatamodel; path = SwiftySettingsBundle.xcdatamodel; sourceTree = "<group>"; };
		15011E571C26B0EC00FCB66E /* Assets.xcassets */ = {isa = PBXFileReference; lastKnownFileType = folder.assetcatalog; path = Assets.xcassets; sourceTree = "<group>"; };
		15011E5A1C26B0EC00FCB66E /* Base */ = {isa = PBXFileReference; lastKnownFileType = file.storyboard; name = Base; path = Base.lproj/LaunchScreen.storyboard; sourceTree = "<group>"; };
		15011E5C1C26B0EC00FCB66E /* Info.plist */ = {isa = PBXFileReference; lastKnownFileType = text.plist.xml; path = Info.plist; sourceTree = "<group>"; };
		15011E611C26B0EC00FCB66E /* SwiftySettingsBundleTests.xctest */ = {isa = PBXFileReference; explicitFileType = wrapper.cfbundle; includeInIndex = 0; path = SwiftySettingsBundleTests.xctest; sourceTree = BUILT_PRODUCTS_DIR; };
		15011E651C26B0EC00FCB66E /* SwiftySettingsBundleTests.swift */ = {isa = PBXFileReference; lastKnownFileType = sourcecode.swift; path = SwiftySettingsBundleTests.swift; sourceTree = "<group>"; };
		15011E671C26B0EC00FCB66E /* Info.plist */ = {isa = PBXFileReference; lastKnownFileType = text.plist.xml; path = Info.plist; sourceTree = "<group>"; };
		15011E6C1C26B0EC00FCB66E /* SwiftySettingsBundleUITests.xctest */ = {isa = PBXFileReference; explicitFileType = wrapper.cfbundle; includeInIndex = 0; path = SwiftySettingsBundleUITests.xctest; sourceTree = BUILT_PRODUCTS_DIR; };
		15011E701C26B0EC00FCB66E /* SwiftySettingsBundleUITests.swift */ = {isa = PBXFileReference; lastKnownFileType = sourcecode.swift; path = SwiftySettingsBundleUITests.swift; sourceTree = "<group>"; };
		15011E721C26B0EC00FCB66E /* Info.plist */ = {isa = PBXFileReference; lastKnownFileType = text.plist.xml; path = Info.plist; sourceTree = "<group>"; };
		15011E7F1C26B10E00FCB66E /* Settings.bundle */ = {isa = PBXFileReference; lastKnownFileType = "wrapper.plug-in"; path = Settings.bundle; sourceTree = "<group>"; };
		15011E831C26B1B700FCB66E /* AuthenticationUtil.swift */ = {isa = PBXFileReference; fileEncoding = 4; lastKnownFileType = sourcecode.swift; path = AuthenticationUtil.swift; sourceTree = "<group>"; };
/* End PBXFileReference section */

/* Begin PBXFrameworksBuildPhase section */
		15011E471C26B0EC00FCB66E /* Frameworks */ = {
			isa = PBXFrameworksBuildPhase;
			buildActionMask = 2147483647;
			files = (
			);
			runOnlyForDeploymentPostprocessing = 0;
		};
		15011E5E1C26B0EC00FCB66E /* Frameworks */ = {
			isa = PBXFrameworksBuildPhase;
			buildActionMask = 2147483647;
			files = (
			);
			runOnlyForDeploymentPostprocessing = 0;
		};
		15011E691C26B0EC00FCB66E /* Frameworks */ = {
			isa = PBXFrameworksBuildPhase;
			buildActionMask = 2147483647;
			files = (
			);
			runOnlyForDeploymentPostprocessing = 0;
		};
/* End PBXFrameworksBuildPhase section */

/* Begin PBXGroup section */
		15011E411C26B0EC00FCB66E = {
			isa = PBXGroup;
			children = (
				15011E4C1C26B0EC00FCB66E /* SwiftySettingsBundle */,
				15011E641C26B0EC00FCB66E /* SwiftySettingsBundleTests */,
				15011E6F1C26B0EC00FCB66E /* SwiftySettingsBundleUITests */,
				15011E4B1C26B0EC00FCB66E /* Products */,
			);
			sourceTree = "<group>";
		};
		15011E4B1C26B0EC00FCB66E /* Products */ = {
			isa = PBXGroup;
			children = (
				15011E4A1C26B0EC00FCB66E /* SwiftySettingsBundle.app */,
				15011E611C26B0EC00FCB66E /* SwiftySettingsBundleTests.xctest */,
				15011E6C1C26B0EC00FCB66E /* SwiftySettingsBundleUITests.xctest */,
			);
			name = Products;
			sourceTree = "<group>";
		};
		15011E4C1C26B0EC00FCB66E /* SwiftySettingsBundle */ = {
			isa = PBXGroup;
			children = (
				15011E7E1C26B0F000FCB66E /* SettingsBundle */,
				15011E4D1C26B0EC00FCB66E /* AppDelegate.swift */,
				15011E4F1C26B0EC00FCB66E /* ViewController.swift */,
				15011E511C26B0EC00FCB66E /* Main.storyboard */,
				15011E571C26B0EC00FCB66E /* Assets.xcassets */,
				15011E591C26B0EC00FCB66E /* LaunchScreen.storyboard */,
				15011E5C1C26B0EC00FCB66E /* Info.plist */,
				15011E541C26B0EC00FCB66E /* SwiftySettingsBundle.xcdatamodeld */,
			);
			path = SwiftySettingsBundle;
			sourceTree = "<group>";
		};
		15011E641C26B0EC00FCB66E /* SwiftySettingsBundleTests */ = {
			isa = PBXGroup;
			children = (
				15011E651C26B0EC00FCB66E /* SwiftySettingsBundleTests.swift */,
				15011E671C26B0EC00FCB66E /* Info.plist */,
			);
			path = SwiftySettingsBundleTests;
			sourceTree = "<group>";
		};
		15011E6F1C26B0EC00FCB66E /* SwiftySettingsBundleUITests */ = {
			isa = PBXGroup;
			children = (
				15011E701C26B0EC00FCB66E /* SwiftySettingsBundleUITests.swift */,
				15011E721C26B0EC00FCB66E /* Info.plist */,
			);
			path = SwiftySettingsBundleUITests;
			sourceTree = "<group>";
		};
		15011E7E1C26B0F000FCB66E /* SettingsBundle */ = {
			isa = PBXGroup;
			children = (
				15011E831C26B1B700FCB66E /* AuthenticationUtil.swift */,
				15011E7F1C26B10E00FCB66E /* Settings.bundle */,
			);
			name = SettingsBundle;
			sourceTree = "<group>";
		};
/* End PBXGroup section */

/* Begin PBXNativeTarget section */
		15011E491C26B0EC00FCB66E /* SwiftySettingsBundle */ = {
			isa = PBXNativeTarget;
			buildConfigurationList = 15011E751C26B0EC00FCB66E /* Build configuration list for PBXNativeTarget "SwiftySettingsBundle" */;
			buildPhases = (
				15011E461C26B0EC00FCB66E /* Sources */,
				15011E471C26B0EC00FCB66E /* Frameworks */,
				15011E481C26B0EC00FCB66E /* Resources */,
			);
			buildRules = (
			);
			dependencies = (
			);
			name = SwiftySettingsBundle;
			productName = SwiftySettingsBundle;
			productReference = 15011E4A1C26B0EC00FCB66E /* SwiftySettingsBundle.app */;
			productType = "com.apple.product-type.application";
		};
		15011E601C26B0EC00FCB66E /* SwiftySettingsBundleTests */ = {
			isa = PBXNativeTarget;
			buildConfigurationList = 15011E781C26B0EC00FCB66E /* Build configuration list for PBXNativeTarget "SwiftySettingsBundleTests" */;
			buildPhases = (
				15011E5D1C26B0EC00FCB66E /* Sources */,
				15011E5E1C26B0EC00FCB66E /* Frameworks */,
				15011E5F1C26B0EC00FCB66E /* Resources */,
			);
			buildRules = (
			);
			dependencies = (
				15011E631C26B0EC00FCB66E /* PBXTargetDependency */,
			);
			name = SwiftySettingsBundleTests;
			productName = SwiftySettingsBundleTests;
			productReference = 15011E611C26B0EC00FCB66E /* SwiftySettingsBundleTests.xctest */;
			productType = "com.apple.product-type.bundle.unit-test";
		};
		15011E6B1C26B0EC00FCB66E /* SwiftySettingsBundleUITests */ = {
			isa = PBXNativeTarget;
			buildConfigurationList = 15011E7B1C26B0EC00FCB66E /* Build configuration list for PBXNativeTarget "SwiftySettingsBundleUITests" */;
			buildPhases = (
				15011E681C26B0EC00FCB66E /* Sources */,
				15011E691C26B0EC00FCB66E /* Frameworks */,
				15011E6A1C26B0EC00FCB66E /* Resources */,
			);
			buildRules = (
			);
			dependencies = (
				15011E6E1C26B0EC00FCB66E /* PBXTargetDependency */,
			);
			name = SwiftySettingsBundleUITests;
			productName = SwiftySettingsBundleUITests;
			productReference = 15011E6C1C26B0EC00FCB66E /* SwiftySettingsBundleUITests.xctest */;
			productType = "com.apple.product-type.bundle.ui-testing";
		};
/* End PBXNativeTarget section */

/* Begin PBXProject section */
		15011E421C26B0EC00FCB66E /* Project object */ = {
			isa = PBXProject;
			attributes = {
				LastSwiftUpdateCheck = 0720;
				LastUpgradeCheck = 0720;
				ORGANIZATIONNAME = "Sugam Kalra";
				TargetAttributes = {
					15011E491C26B0EC00FCB66E = {
						CreatedOnToolsVersion = 7.2;
					};
					15011E601C26B0EC00FCB66E = {
						CreatedOnToolsVersion = 7.2;
						TestTargetID = 15011E491C26B0EC00FCB66E;
					};
					15011E6B1C26B0EC00FCB66E = {
						CreatedOnToolsVersion = 7.2;
						TestTargetID = 15011E491C26B0EC00FCB66E;
					};
				};
			};
			buildConfigurationList = 15011E451C26B0EC00FCB66E /* Build configuration list for PBXProject "SwiftySettingsBundle" */;
			compatibilityVersion = "Xcode 3.2";
			developmentRegion = English;
			hasScannedForEncodings = 0;
			knownRegions = (
				en,
				Base,
			);
			mainGroup = 15011E411C26B0EC00FCB66E;
			productRefGroup = 15011E4B1C26B0EC00FCB66E /* Products */;
			projectDirPath = "";
			projectRoot = "";
			targets = (
				15011E491C26B0EC00FCB66E /* SwiftySettingsBundle */,
				15011E601C26B0EC00FCB66E /* SwiftySettingsBundleTests */,
				15011E6B1C26B0EC00FCB66E /* SwiftySettingsBundleUITests */,
			);
		};
/* End PBXProject section */

/* Begin PBXResourcesBuildPhase section */
		15011E481C26B0EC00FCB66E /* Resources */ = {
			isa = PBXResourcesBuildPhase;
			buildActionMask = 2147483647;
			files = (
				15011E801C26B10E00FCB66E /* Settings.bundle in Resources */,
				15011E5B1C26B0EC00FCB66E /* LaunchScreen.storyboard in Resources */,
				15011E581C26B0EC00FCB66E /* Assets.xcassets in Resources */,
				15011E531C26B0EC00FCB66E /* Main.storyboard in Resources */,
			);
			runOnlyForDeploymentPostprocessing = 0;
		};
		15011E5F1C26B0EC00FCB66E /* Resources */ = {
			isa = PBXResourcesBuildPhase;
			buildActionMask = 2147483647;
			files = (
			);
			runOnlyForDeploymentPostprocessing = 0;
		};
		15011E6A1C26B0EC00FCB66E /* Resources */ = {
			isa = PBXResourcesBuildPhase;
			buildActionMask = 2147483647;
			files = (
			);
			runOnlyForDeploymentPostprocessing = 0;
		};
/* End PBXResourcesBuildPhase section */

/* Begin PBXSourcesBuildPhase section */
		15011E461C26B0EC00FCB66E /* Sources */ = {
			isa = PBXSourcesBuildPhase;
			buildActionMask = 2147483647;
			files = (
				15011E561C26B0EC00FCB66E /* SwiftySettingsBundle.xcdatamodeld in Sources */,
				15011E841C26B1B700FCB66E /* AuthenticationUtil.swift in Sources */,
				15011E501C26B0EC00FCB66E /* ViewController.swift in Sources */,
				15011E4E1C26B0EC00FCB66E /* AppDelegate.swift in Sources */,
			);
			runOnlyForDeploymentPostprocessing = 0;
		};
		15011E5D1C26B0EC00FCB66E /* Sources */ = {
			isa = PBXSourcesBuildPhase;
			buildActionMask = 2147483647;
			files = (
				15011E661C26B0EC00FCB66E /* SwiftySettingsBundleTests.swift in Sources */,
			);
			runOnlyForDeploymentPostprocessing = 0;
		};
		15011E681C26B0EC00FCB66E /* Sources */ = {
			isa = PBXSourcesBuildPhase;
			buildActionMask = 2147483647;
			files = (
				15011E711C26B0EC00FCB66E /* SwiftySettingsBundleUITests.swift in Sources */,
			);
			runOnlyForDeploymentPostprocessing = 0;
		};
/* End PBXSourcesBuildPhase section */

/* Begin PBXTargetDependency section */
		15011E631C26B0EC00FCB66E /* PBXTargetDependency */ = {
			isa = PBXTargetDependency;
			target = 15011E491C26B0EC00FCB66E /* SwiftySettingsBundle */;
			targetProxy = 15011E621C26B0EC00FCB66E /* PBXContainerItemProxy */;
		};
		15011E6E1C26B0EC00FCB66E /* PBXTargetDependency */ = {
			isa = PBXTargetDependency;
			target = 15011E491C26B0EC00FCB66E /* SwiftySettingsBundle */;
			targetProxy = 15011E6D1C26B0EC00FCB66E /* PBXContainerItemProxy */;
		};
/* End PBXTargetDependency section */

/* Begin PBXVariantGroup section */
		15011E511C26B0EC00FCB66E /* Main.storyboard */ = {
			isa = PBXVariantGroup;
			children = (
				15011E521C26B0EC00FCB66E /* Base */,
			);
			name = Main.storyboard;
			sourceTree = "<group>";
		};
		15011E591C26B0EC00FCB66E /* LaunchScreen.storyboard */ = {
			isa = PBXVariantGroup;
			children = (
				15011E5A1C26B0EC00FCB66E /* Base */,
			);
			name = LaunchScreen.storyboard;
			sourceTree = "<group>";
		};
/* End PBXVariantGroup section */

/* Begin XCBuildConfiguration section */
		15011E731C26B0EC00FCB66E /* Debug */ = {
			isa = XCBuildConfiguration;
			buildSettings = {
				ALWAYS_SEARCH_USER_PATHS = NO;
				CLANG_CXX_LANGUAGE_STANDARD = "gnu++0x";
				CLANG_CXX_LIBRARY = "libc++";
				CLANG_ENABLE_MODULES = YES;
				CLANG_ENABLE_OBJC_ARC = YES;
				CLANG_WARN_BOOL_CONVERSION = YES;
				CLANG_WARN_CONSTANT_CONVERSION = YES;
				CLANG_WARN_DIRECT_OBJC_ISA_USAGE = YES_ERROR;
				CLANG_WARN_EMPTY_BODY = YES;
				CLANG_WARN_ENUM_CONVERSION = YES;
				CLANG_WARN_INT_CONVERSION = YES;
				CLANG_WARN_OBJC_ROOT_CLASS = YES_ERROR;
				CLANG_WARN_UNREACHABLE_CODE = YES;
				CLANG_WARN__DUPLICATE_METHOD_MATCH = YES;
				"CODE_SIGN_IDENTITY[sdk=iphoneos*]" = "iPhone Developer";
				COPY_PHASE_STRIP = NO;
				DEBUG_INFORMATION_FORMAT = dwarf;
				ENABLE_STRICT_OBJC_MSGSEND = YES;
				ENABLE_TESTABILITY = YES;
				GCC_C_LANGUAGE_STANDARD = gnu99;
				GCC_DYNAMIC_NO_PIC = NO;
				GCC_NO_COMMON_BLOCKS = YES;
				GCC_OPTIMIZATION_LEVEL = 0;
				GCC_PREPROCESSOR_DEFINITIONS = (
					"DEBUG=1",
					"$(inherited)",
				);
				GCC_WARN_64_TO_32_BIT_CONVERSION = YES;
				GCC_WARN_ABOUT_RETURN_TYPE = YES_ERROR;
				GCC_WARN_UNDECLARED_SELECTOR = YES;
				GCC_WARN_UNINITIALIZED_AUTOS = YES_AGGRESSIVE;
				GCC_WARN_UNUSED_FUNCTION = YES;
				GCC_WARN_UNUSED_VARIABLE = YES;
				IPHONEOS_DEPLOYMENT_TARGET = 9.2;
				MTL_ENABLE_DEBUG_INFO = YES;
				ONLY_ACTIVE_ARCH = YES;
				SDKROOT = iphoneos;
				SWIFT_OPTIMIZATION_LEVEL = "-Onone";
			};
			name = Debug;
		};
		15011E741C26B0EC00FCB66E /* Release */ = {
			isa = XCBuildConfiguration;
			buildSettings = {
				ALWAYS_SEARCH_USER_PATHS = NO;
				CLANG_CXX_LANGUAGE_STANDARD = "gnu++0x";
				CLANG_CXX_LIBRARY = "libc++";
				CLANG_ENABLE_MODULES = YES;
				CLANG_ENABLE_OBJC_ARC = YES;
				CLANG_WARN_BOOL_CONVERSION = YES;
				CLANG_WARN_CONSTANT_CONVERSION = YES;
				CLANG_WARN_DIRECT_OBJC_ISA_USAGE = YES_ERROR;
				CLANG_WARN_EMPTY_BODY = YES;
				CLANG_WARN_ENUM_CONVERSION = YES;
				CLANG_WARN_INT_CONVERSION = YES;
				CLANG_WARN_OBJC_ROOT_CLASS = YES_ERROR;
				CLANG_WARN_UNREACHABLE_CODE = YES;
				CLANG_WARN__DUPLICATE_METHOD_MATCH = YES;
				"CODE_SIGN_IDENTITY[sdk=iphoneos*]" = "iPhone Developer";
				COPY_PHASE_STRIP = NO;
				DEBUG_INFORMATION_FORMAT = "dwarf-with-dsym";
				ENABLE_NS_ASSERTIONS = NO;
				ENABLE_STRICT_OBJC_MSGSEND = YES;
				GCC_C_LANGUAGE_STANDARD = gnu99;
				GCC_NO_COMMON_BLOCKS = YES;
				GCC_WARN_64_TO_32_BIT_CONVERSION = YES;
				GCC_WARN_ABOUT_RETURN_TYPE = YES_ERROR;
				GCC_WARN_UNDECLARED_SELECTOR = YES;
				GCC_WARN_UNINITIALIZED_AUTOS = YES_AGGRESSIVE;
				GCC_WARN_UNUSED_FUNCTION = YES;
				GCC_WARN_UNUSED_VARIABLE = YES;
				IPHONEOS_DEPLOYMENT_TARGET = 9.2;
				MTL_ENABLE_DEBUG_INFO = NO;
				SDKROOT = iphoneos;
				VALIDATE_PRODUCT = YES;
			};
			name = Release;
		};
		15011E761C26B0EC00FCB66E /* Debug */ = {
			isa = XCBuildConfiguration;
			buildSettings = {
				ASSETCATALOG_COMPILER_APPICON_NAME = AppIcon;
				INFOPLIST_FILE = SwiftySettingsBundle/Info.plist;
				LD_RUNPATH_SEARCH_PATHS = "$(inherited) @executable_path/Frameworks";
				PRODUCT_BUNDLE_IDENTIFIER = com.Appirio.SwiftySettingsBundle;
				PRODUCT_NAME = "$(TARGET_NAME)";
			};
			name = Debug;
		};
		15011E771C26B0EC00FCB66E /* Release */ = {
			isa = XCBuildConfiguration;
			buildSettings = {
				ASSETCATALOG_COMPILER_APPICON_NAME = AppIcon;
				INFOPLIST_FILE = SwiftySettingsBundle/Info.plist;
				LD_RUNPATH_SEARCH_PATHS = "$(inherited) @executable_path/Frameworks";
				PRODUCT_BUNDLE_IDENTIFIER = com.Appirio.SwiftySettingsBundle;
				PRODUCT_NAME = "$(TARGET_NAME)";
			};
			name = Release;
		};
		15011E791C26B0EC00FCB66E /* Debug */ = {
			isa = XCBuildConfiguration;
			buildSettings = {
				BUNDLE_LOADER = "$(TEST_HOST)";
				INFOPLIST_FILE = SwiftySettingsBundleTests/Info.plist;
				LD_RUNPATH_SEARCH_PATHS = "$(inherited) @executable_path/Frameworks @loader_path/Frameworks";
				PRODUCT_BUNDLE_IDENTIFIER = com.Appirio.SwiftySettingsBundleTests;
				PRODUCT_NAME = "$(TARGET_NAME)";
				TEST_HOST = "$(BUILT_PRODUCTS_DIR)/SwiftySettingsBundle.app/SwiftySettingsBundle";
			};
			name = Debug;
		};
		15011E7A1C26B0EC00FCB66E /* Release */ = {
			isa = XCBuildConfiguration;
			buildSettings = {
				BUNDLE_LOADER = "$(TEST_HOST)";
				INFOPLIST_FILE = SwiftySettingsBundleTests/Info.plist;
				LD_RUNPATH_SEARCH_PATHS = "$(inherited) @executable_path/Frameworks @loader_path/Frameworks";
				PRODUCT_BUNDLE_IDENTIFIER = com.Appirio.SwiftySettingsBundleTests;
				PRODUCT_NAME = "$(TARGET_NAME)";
				TEST_HOST = "$(BUILT_PRODUCTS_DIR)/SwiftySettingsBundle.app/SwiftySettingsBundle";
			};
			name = Release;
		};
		15011E7C1C26B0EC00FCB66E /* Debug */ = {
			isa = XCBuildConfiguration;
			buildSettings = {
				INFOPLIST_FILE = SwiftySettingsBundleUITests/Info.plist;
				LD_RUNPATH_SEARCH_PATHS = "$(inherited) @executable_path/Frameworks @loader_path/Frameworks";
				PRODUCT_BUNDLE_IDENTIFIER = com.Appirio.SwiftySettingsBundleUITests;
				PRODUCT_NAME = "$(TARGET_NAME)";
				TEST_TARGET_NAME = SwiftySettingsBundle;
				USES_XCTRUNNER = YES;
			};
			name = Debug;
		};
		15011E7D1C26B0EC00FCB66E /* Release */ = {
			isa = XCBuildConfiguration;
			buildSettings = {
				INFOPLIST_FILE = SwiftySettingsBundleUITests/Info.plist;
				LD_RUNPATH_SEARCH_PATHS = "$(inherited) @executable_path/Frameworks @loader_path/Frameworks";
				PRODUCT_BUNDLE_IDENTIFIER = com.Appirio.SwiftySettingsBundleUITests;
				PRODUCT_NAME = "$(TARGET_NAME)";
				TEST_TARGET_NAME = SwiftySettingsBundle;
				USES_XCTRUNNER = YES;
			};
			name = Release;
		};
/* End XCBuildConfiguration section */

/* Begin XCConfigurationList section */
		15011E451C26B0EC00FCB66E /* Build configuration list for PBXProject "SwiftySettingsBundle" */ = {
			isa = XCConfigurationList;
			buildConfigurations = (
				15011E731C26B0EC00FCB66E /* Debug */,
				15011E741C26B0EC00FCB66E /* Release */,
			);
			defaultConfigurationIsVisible = 0;
			defaultConfigurationName = Release;
		};
		15011E751C26B0EC00FCB66E /* Build configuration list for PBXNativeTarget "SwiftySettingsBundle" */ = {
			isa = XCConfigurationList;
			buildConfigurations = (
				15011E761C26B0EC00FCB66E /* Debug */,
				15011E771C26B0EC00FCB66E /* Release */,
			);
			defaultConfigurationIsVisible = 0;
		};
		15011E781C26B0EC00FCB66E /* Build configuration list for PBXNativeTarget "SwiftySettingsBundleTests" */ = {
			isa = XCConfigurationList;
			buildConfigurations = (
				15011E791C26B0EC00FCB66E /* Debug */,
				15011E7A1C26B0EC00FCB66E /* Release */,
			);
			defaultConfigurationIsVisible = 0;
		};
		15011E7B1C26B0EC00FCB66E /* Build configuration list for PBXNativeTarget "SwiftySettingsBundleUITests" */ = {
			isa = XCConfigurationList;
			buildConfigurations = (
				15011E7C1C26B0EC00FCB66E /* Debug */,
				15011E7D1C26B0EC00FCB66E /* Release */,
			);
			defaultConfigurationIsVisible = 0;
		};
/* End XCConfigurationList section */

/* Begin XCVersionGroup section */
		15011E541C26B0EC00FCB66E /* SwiftySettingsBundle.xcdatamodeld */ = {
			isa = XCVersionGroup;
			children = (
				15011E551C26B0EC00FCB66E /* SwiftySettingsBundle.xcdatamodel */,
			);
			currentVersion = 15011E551C26B0EC00FCB66E /* SwiftySettingsBundle.xcdatamodel */;
			path = SwiftySettingsBundle.xcdatamodeld;
			sourceTree = "<group>";
			versionGroupType = wrapper.xcdatamodel;
		};
/* End XCVersionGroup section */
	};
	rootObject = 15011E421C26B0EC00FCB66E /* Project object */;
}
